
Microsoft Visual Studio Solution File, Format Version 12.00
# Visual Studio 15
VisualStudioVersion = 15.0.28307.852
MinimumVisualStudioVersion = 10.0.40219.1
Project("{FAE04EC0-301F-11D3-BF4B-00C04F79EFBC}") = "Login", "Login\Login.csproj", "{F56CBBF8-1E8E-4F70-AD95-C520475A266D}"
EndProject
Global
	GlobalSection(SolutionConfigurationPlatforms) = preSolution
		Debug|Any CPU = Debug|Any CPU
		Release|Any CPU = Release|Any CPU
	EndGlobalSection
	GlobalSection(ProjectConfigurationPlatforms) = postSolution
		{F56CBBF8-1E8E-4F70-AD95-C520475A266D}.Debug|Any CPU.ActiveCfg = Debug|Any CPU
		{F56CBBF8-1E8E-4F70-AD95-C520475A266D}.Debug|Any CPU.Build.0 = Debug|Any CPU
		{F56CBBF8-1E8E-4F70-AD95-C520475A266D}.Release|Any CPU.ActiveCfg = Release|Any CPU
		{F56CBBF8-1E8E-4F70-AD95-C520475A266D}.Release|Any CPU.Build.0 = Release|Any CPU
	EndGlobalSection
	GlobalSection(SolutionProperties) = preSolution
		HideSolutionNode = FALSE
	EndGlobalSection
	GlobalSection(ExtensibilityGlobals) = postSolution
		SolutionGuid = {7A3751BF-6D25-4200-A28B-D095813DDE84}
	EndGlobalSection
EndGlobal
